
Microsoft Visual Studio Solution File, Format Version 12.00
# Visual Studio Version 16
VisualStudioVersion = 16.0.29230.61
MinimumVisualStudioVersion = 10.0.40219.1
Project("{9A19103F-16F7-4668-BE54-9A1E7A4F7556}") = "UnoXamWasm", "UnoXamWasm\UnoXamWasm\UnoXamWasm.csproj", "{646CC755-F4B2-4321-9DA9-44FB2BE685DD}"
EndProject
Project("{FAE04EC0-301F-11D3-BF4B-00C04F79EFBC}") = "UnoXamWasm.UWP", "UnoXamWasm\UnoXamWasm.UWP\UnoXamWasm.UWP.csproj", "{66A02B35-05B5-4ACB-BD40-2333E443AF65}"
EndProject
Project("{D954291E-2A0B-460D-934E-DC6B0785DB48}") = "UnoXamWasm.Uwp.Shared", "UnoXamWasm\UnoXamWasm.UWP\UnoXamWasm.Uwp.Shared.shproj", "{D511FA0B-8EFD-4E0C-B84F-910558B282DA}"
EndProject
Project("{9A19103F-16F7-4668-BE54-9A1E7A4F7556}") = "UnoXamWasm.Wasm", "UnoXamWasm\UnoXamWasm.Wasm\UnoXamWasm.Wasm.csproj", "{1EC5438F-07D3-4F1F-A5E5-358810E70695}"
EndProject
Global
	GlobalSection(SharedMSBuildProjectFiles) = preSolution
		UnoXamWasm\UnoXamWasm.UWP\UnoXamWasm.Uwp.Shared.projitems*{d511fa0b-8efd-4e0c-b84f-910558b282da}*SharedItemsImports = 13
	EndGlobalSection
	GlobalSection(SolutionConfigurationPlatforms) = preSolution
		Ad-Hoc|Any CPU = Ad-Hoc|Any CPU
		Ad-Hoc|ARM = Ad-Hoc|ARM
		Ad-Hoc|iPhone = Ad-Hoc|iPhone
		Ad-Hoc|iPhoneSimulator = Ad-Hoc|iPhoneSimulator
		Ad-Hoc|x64 = Ad-Hoc|x64
		Ad-Hoc|x86 = Ad-Hoc|x86
		AppStore|Any CPU = AppStore|Any CPU
		AppStore|ARM = AppStore|ARM
		AppStore|iPhone = AppStore|iPhone
		AppStore|iPhoneSimulator = AppStore|iPhoneSimulator
		AppStore|x64 = AppStore|x64
		AppStore|x86 = AppStore|x86
		Debug|Any CPU = Debug|Any CPU
		Debug|ARM = Debug|ARM
		Debug|iPhone = Debug|iPhone
		Debug|iPhoneSimulator = Debug|iPhoneSimulator
		Debug|x64 = Debug|x64
		Debug|x86 = Debug|x86
		Release|Any CPU = Release|Any CPU
		Release|ARM = Release|ARM
		Release|iPhone = Release|iPhone
		Release|iPhoneSimulator = Release|iPhoneSimulator
		Release|x64 = Release|x64
		Release|x86 = Release|x86
	EndGlobalSection
	GlobalSection(ProjectConfigurationPlatforms) = postSolution
		{646CC755-F4B2-4321-9DA9-44FB2BE685DD}.Ad-Hoc|Any CPU.ActiveCfg = Debug|Any CPU
		{646CC755-F4B2-4321-9DA9-44FB2BE685DD}.Ad-Hoc|Any CPU.Build.0 = Debug|Any CPU
		{646CC755-F4B2-4321-9DA9-44FB2BE685DD}.Ad-Hoc|Any CPU.Deploy.0 = Debug|Any CPU
		{646CC755-F4B2-4321-9DA9-44FB2BE685DD}.Ad-Hoc|ARM.ActiveCfg = Debug|Any CPU
		{646CC755-F4B2-4321-9DA9-44FB2BE685DD}.Ad-Hoc|ARM.Build.0 = Debug|Any CPU
		{646CC755-F4B2-4321-9DA9-44FB2BE685DD}.Ad-Hoc|ARM.Deploy.0 = Debug|Any CPU
		{646CC755-F4B2-4321-9DA9-44FB2BE685DD}.Ad-Hoc|iPhone.ActiveCfg = Debug|Any CPU
		{646CC755-F4B2-4321-9DA9-44FB2BE685DD}.Ad-Hoc|iPhone.Build.0 = Debug|Any CPU
		{646CC755-F4B2-4321-9DA9-44FB2BE685DD}.Ad-Hoc|iPhone.Deploy.0 = Debug|Any CPU
		{646CC755-F4B2-4321-9DA9-44FB2BE685DD}.Ad-Hoc|iPhoneSimulator.ActiveCfg = Debug|Any CPU
		{646CC755-F4B2-4321-9DA9-44FB2BE685DD}.Ad-Hoc|iPhoneSimulator.Build.0 = Debug|Any CPU
		{646CC755-F4B2-4321-9DA9-44FB2BE685DD}.Ad-Hoc|iPhoneSimulator.Deploy.0 = Debug|Any CPU
		{646CC755-F4B2-4321-9DA9-44FB2BE685DD}.Ad-Hoc|x64.ActiveCfg = Debug|Any CPU
		{646CC755-F4B2-4321-9DA9-44FB2BE685DD}.Ad-Hoc|x64.Build.0 = Debug|Any CPU
		{646CC755-F4B2-4321-9DA9-44FB2BE685DD}.Ad-Hoc|x64.Deploy.0 = Debug|Any CPU
		{646CC755-F4B2-4321-9DA9-44FB2BE685DD}.Ad-Hoc|x86.ActiveCfg = Debug|Any CPU
		{646CC755-F4B2-4321-9DA9-44FB2BE685DD}.Ad-Hoc|x86.Build.0 = Debug|Any CPU
		{646CC755-F4B2-4321-9DA9-44FB2BE685DD}.Ad-Hoc|x86.Deploy.0 = Debug|Any CPU
		{646CC755-F4B2-4321-9DA9-44FB2BE685DD}.AppStore|Any CPU.ActiveCfg = Debug|Any CPU
		{646CC755-F4B2-4321-9DA9-44FB2BE685DD}.AppStore|Any CPU.Build.0 = Debug|Any CPU
		{646CC755-F4B2-4321-9DA9-44FB2BE685DD}.AppStore|Any CPU.Deploy.0 = Debug|Any CPU
		{646CC755-F4B2-4321-9DA9-44FB2BE685DD}.AppStore|ARM.ActiveCfg = Debug|Any CPU
		{646CC755-F4B2-4321-9DA9-44FB2BE685DD}.AppStore|ARM.Build.0 = Debug|Any CPU
		{646CC755-F4B2-4321-9DA9-44FB2BE685DD}.AppStore|ARM.Deploy.0 = Debug|Any CPU
		{646CC755-F4B2-4321-9DA9-44FB2BE685DD}.AppStore|iPhone.ActiveCfg = Debug|Any CPU
		{646CC755-F4B2-4321-9DA9-44FB2BE685DD}.AppStore|iPhone.Build.0 = Debug|Any CPU
		{646CC755-F4B2-4321-9DA9-44FB2BE685DD}.AppStore|iPhone.Deploy.0 = Debug|Any CPU
		{646CC755-F4B2-4321-9DA9-44FB2BE685DD}.AppStore|iPhoneSimulator.ActiveCfg = Debug|Any CPU
		{646CC755-F4B2-4321-9DA9-44FB2BE685DD}.AppStore|iPhoneSimulator.Build.0 = Debug|Any CPU
		{646CC755-F4B2-4321-9DA9-44FB2BE685DD}.AppStore|iPhoneSimulator.Deploy.0 = Debug|Any CPU
		{646CC755-F4B2-4321-9DA9-44FB2BE685DD}.AppStore|x64.ActiveCfg = Debug|Any CPU
		{646CC755-F4B2-4321-9DA9-44FB2BE685DD}.AppStore|x64.Build.0 = Debug|Any CPU
		{646CC755-F4B2-4321-9DA9-44FB2BE685DD}.AppStore|x64.Deploy.0 = Debug|Any CPU
		{646CC755-F4B2-4321-9DA9-44FB2BE685DD}.AppStore|x86.ActiveCfg = Debug|Any CPU
		{646CC755-F4B2-4321-9DA9-44FB2BE685DD}.AppStore|x86.Build.0 = Debug|Any CPU
		{646CC755-F4B2-4321-9DA9-44FB2BE685DD}.AppStore|x86.Deploy.0 = Debug|Any CPU
		{646CC755-F4B2-4321-9DA9-44FB2BE685DD}.Debug|Any CPU.ActiveCfg = Debug|Any CPU
		{646CC755-F4B2-4321-9DA9-44FB2BE685DD}.Debug|Any CPU.Build.0 = Debug|Any CPU
		{646CC755-F4B2-4321-9DA9-44FB2BE685DD}.Debug|Any CPU.Deploy.0 = Debug|Any CPU
		{646CC755-F4B2-4321-9DA9-44FB2BE685DD}.Debug|ARM.ActiveCfg = Debug|Any CPU
		{646CC755-F4B2-4321-9DA9-44FB2BE685DD}.Debug|ARM.Build.0 = Debug|Any CPU
		{646CC755-F4B2-4321-9DA9-44FB2BE685DD}.Debug|ARM.Deploy.0 = Debug|Any CPU
		{646CC755-F4B2-4321-9DA9-44FB2BE685DD}.Debug|iPhone.ActiveCfg = Debug|Any CPU
		{646CC755-F4B2-4321-9DA9-44FB2BE685DD}.Debug|iPhone.Build.0 = Debug|Any CPU
		{646CC755-F4B2-4321-9DA9-44FB2BE685DD}.Debug|iPhone.Deploy.0 = Debug|Any CPU
		{646CC755-F4B2-4321-9DA9-44FB2BE685DD}.Debug|iPhoneSimulator.ActiveCfg = Debug|Any CPU
		{646CC755-F4B2-4321-9DA9-44FB2BE685DD}.Debug|iPhoneSimulator.Build.0 = Debug|Any CPU
		{646CC755-F4B2-4321-9DA9-44FB2BE685DD}.Debug|iPhoneSimulator.Deploy.0 = Debug|Any CPU
		{646CC755-F4B2-4321-9DA9-44FB2BE685DD}.Debug|x64.ActiveCfg = Debug|Any CPU
		{646CC755-F4B2-4321-9DA9-44FB2BE685DD}.Debug|x64.Build.0 = Debug|Any CPU
		{646CC755-F4B2-4321-9DA9-44FB2BE685DD}.Debug|x64.Deploy.0 = Debug|Any CPU
		{646CC755-F4B2-4321-9DA9-44FB2BE685DD}.Debug|x86.ActiveCfg = Debug|Any CPU
		{646CC755-F4B2-4321-9DA9-44FB2BE685DD}.Debug|x86.Build.0 = Debug|Any CPU
		{646CC755-F4B2-4321-9DA9-44FB2BE685DD}.Debug|x86.Deploy.0 = Debug|Any CPU
		{646CC755-F4B2-4321-9DA9-44FB2BE685DD}.Release|Any CPU.ActiveCfg = Release|Any CPU
		{646CC755-F4B2-4321-9DA9-44FB2BE685DD}.Release|Any CPU.Build.0 = Release|Any CPU
		{646CC755-F4B2-4321-9DA9-44FB2BE685DD}.Release|Any CPU.Deploy.0 = Release|Any CPU
		{646CC755-F4B2-4321-9DA9-44FB2BE685DD}.Release|ARM.ActiveCfg = Release|Any CPU
		{646CC755-F4B2-4321-9DA9-44FB2BE685DD}.Release|ARM.Build.0 = Release|Any CPU
		{646CC755-F4B2-4321-9DA9-44FB2BE685DD}.Release|ARM.Deploy.0 = Release|Any CPU
		{646CC755-F4B2-4321-9DA9-44FB2BE685DD}.Release|iPhone.ActiveCfg = Release|Any CPU
		{646CC755-F4B2-4321-9DA9-44FB2BE685DD}.Release|iPhone.Build.0 = Release|Any CPU
		{646CC755-F4B2-4321-9DA9-44FB2BE685DD}.Release|iPhone.Deploy.0 = Release|Any CPU
		{646CC755-F4B2-4321-9DA9-44FB2BE685DD}.Release|iPhoneSimulator.ActiveCfg = Release|Any CPU
		{646CC755-F4B2-4321-9DA9-44FB2BE685DD}.Release|iPhoneSimulator.Build.0 = Release|Any CPU
		{646CC755-F4B2-4321-9DA9-44FB2BE685DD}.Release|iPhoneSimulator.Deploy.0 = Release|Any CPU
		{646CC755-F4B2-4321-9DA9-44FB2BE685DD}.Release|x64.ActiveCfg = Release|Any CPU
		{646CC755-F4B2-4321-9DA9-44FB2BE685DD}.Release|x64.Build.0 = Release|Any CPU
		{646CC755-F4B2-4321-9DA9-44FB2BE685DD}.Release|x64.Deploy.0 = Release|Any CPU
		{646CC755-F4B2-4321-9DA9-44FB2BE685DD}.Release|x86.ActiveCfg = Release|Any CPU
		{646CC755-F4B2-4321-9DA9-44FB2BE685DD}.Release|x86.Build.0 = Release|Any CPU
		{646CC755-F4B2-4321-9DA9-44FB2BE685DD}.Release|x86.Deploy.0 = Release|Any CPU
		{66A02B35-05B5-4ACB-BD40-2333E443AF65}.Ad-Hoc|Any CPU.ActiveCfg = Release|x86
		{66A02B35-05B5-4ACB-BD40-2333E443AF65}.Ad-Hoc|Any CPU.Build.0 = Release|x86
		{66A02B35-05B5-4ACB-BD40-2333E443AF65}.Ad-Hoc|Any CPU.Deploy.0 = Release|x86
		{66A02B35-05B5-4ACB-BD40-2333E443AF65}.Ad-Hoc|ARM.ActiveCfg = Release|ARM
		{66A02B35-05B5-4ACB-BD40-2333E443AF65}.Ad-Hoc|ARM.Build.0 = Release|ARM
		{66A02B35-05B5-4ACB-BD40-2333E443AF65}.Ad-Hoc|ARM.Deploy.0 = Release|ARM
		{66A02B35-05B5-4ACB-BD40-2333E443AF65}.Ad-Hoc|iPhone.ActiveCfg = Release|x86
		{66A02B35-05B5-4ACB-BD40-2333E443AF65}.Ad-Hoc|iPhone.Build.0 = Release|x86
		{66A02B35-05B5-4ACB-BD40-2333E443AF65}.Ad-Hoc|iPhone.Deploy.0 = Release|x86
		{66A02B35-05B5-4ACB-BD40-2333E443AF65}.Ad-Hoc|iPhoneSimulator.ActiveCfg = Release|x86
		{66A02B35-05B5-4ACB-BD40-2333E443AF65}.Ad-Hoc|iPhoneSimulator.Build.0 = Release|x86
		{66A02B35-05B5-4ACB-BD40-2333E443AF65}.Ad-Hoc|iPhoneSimulator.Deploy.0 = Release|x86
		{66A02B35-05B5-4ACB-BD40-2333E443AF65}.Ad-Hoc|x64.ActiveCfg = Release|x64
		{66A02B35-05B5-4ACB-BD40-2333E443AF65}.Ad-Hoc|x64.Build.0 = Release|x64
		{66A02B35-05B5-4ACB-BD40-2333E443AF65}.Ad-Hoc|x64.Deploy.0 = Release|x64
		{66A02B35-05B5-4ACB-BD40-2333E443AF65}.Ad-Hoc|x86.ActiveCfg = Release|x86
		{66A02B35-05B5-4ACB-BD40-2333E443AF65}.Ad-Hoc|x86.Build.0 = Release|x86
		{66A02B35-05B5-4ACB-BD40-2333E443AF65}.Ad-Hoc|x86.Deploy.0 = Release|x86
		{66A02B35-05B5-4ACB-BD40-2333E443AF65}.AppStore|Any CPU.ActiveCfg = Release|x86
		{66A02B35-05B5-4ACB-BD40-2333E443AF65}.AppStore|Any CPU.Build.0 = Release|x86
		{66A02B35-05B5-4ACB-BD40-2333E443AF65}.AppStore|Any CPU.Deploy.0 = Release|x86
		{66A02B35-05B5-4ACB-BD40-2333E443AF65}.AppStore|ARM.ActiveCfg = Release|ARM
		{66A02B35-05B5-4ACB-BD40-2333E443AF65}.AppStore|ARM.Build.0 = Release|ARM
		{66A02B35-05B5-4ACB-BD40-2333E443AF65}.AppStore|ARM.Deploy.0 = Release|ARM
		{66A02B35-05B5-4ACB-BD40-2333E443AF65}.AppStore|iPhone.ActiveCfg = Release|x86
		{66A02B35-05B5-4ACB-BD40-2333E443AF65}.AppStore|iPhone.Build.0 = Release|x86
		{66A02B35-05B5-4ACB-BD40-2333E443AF65}.AppStore|iPhone.Deploy.0 = Release|x86
		{66A02B35-05B5-4ACB-BD40-2333E443AF65}.AppStore|iPhoneSimulator.ActiveCfg = Release|x86
		{66A02B35-05B5-4ACB-BD40-2333E443AF65}.AppStore|iPhoneSimulator.Build.0 = Release|x86
		{66A02B35-05B5-4ACB-BD40-2333E443AF65}.AppStore|iPhoneSimulator.Deploy.0 = Release|x86
		{66A02B35-05B5-4ACB-BD40-2333E443AF65}.AppStore|x64.ActiveCfg = Release|x64
		{66A02B35-05B5-4ACB-BD40-2333E443AF65}.AppStore|x64.Build.0 = Release|x64
		{66A02B35-05B5-4ACB-BD40-2333E443AF65}.AppStore|x64.Deploy.0 = Release|x64
		{66A02B35-05B5-4ACB-BD40-2333E443AF65}.AppStore|x86.ActiveCfg = Release|x86
		{66A02B35-05B5-4ACB-BD40-2333E443AF65}.AppStore|x86.Build.0 = Release|x86
		{66A02B35-05B5-4ACB-BD40-2333E443AF65}.AppStore|x86.Deploy.0 = Release|x86
		{66A02B35-05B5-4ACB-BD40-2333E443AF65}.Debug|Any CPU.ActiveCfg = Debug|x86
		{66A02B35-05B5-4ACB-BD40-2333E443AF65}.Debug|Any CPU.Build.0 = Debug|x86
		{66A02B35-05B5-4ACB-BD40-2333E443AF65}.Debug|Any CPU.Deploy.0 = Debug|x86
		{66A02B35-05B5-4ACB-BD40-2333E443AF65}.Debug|ARM.ActiveCfg = Debug|ARM
		{66A02B35-05B5-4ACB-BD40-2333E443AF65}.Debug|ARM.Build.0 = Debug|ARM
		{66A02B35-05B5-4ACB-BD40-2333E443AF65}.Debug|ARM.Deploy.0 = Debug|ARM
		{66A02B35-05B5-4ACB-BD40-2333E443AF65}.Debug|iPhone.ActiveCfg = Debug|x86
		{66A02B35-05B5-4ACB-BD40-2333E443AF65}.Debug|iPhone.Build.0 = Debug|x86
		{66A02B35-05B5-4ACB-BD40-2333E443AF65}.Debug|iPhone.Deploy.0 = Debug|x86
		{66A02B35-05B5-4ACB-BD40-2333E443AF65}.Debug|iPhoneSimulator.ActiveCfg = Debug|x86
		{66A02B35-05B5-4ACB-BD40-2333E443AF65}.Debug|iPhoneSimulator.Build.0 = Debug|x86
		{66A02B35-05B5-4ACB-BD40-2333E443AF65}.Debug|iPhoneSimulator.Deploy.0 = Debug|x86
		{66A02B35-05B5-4ACB-BD40-2333E443AF65}.Debug|x64.ActiveCfg = Debug|x64
		{66A02B35-05B5-4ACB-BD40-2333E443AF65}.Debug|x64.Build.0 = Debug|x64
		{66A02B35-05B5-4ACB-BD40-2333E443AF65}.Debug|x64.Deploy.0 = Debug|x64
		{66A02B35-05B5-4ACB-BD40-2333E443AF65}.Debug|x86.ActiveCfg = Debug|x86
		{66A02B35-05B5-4ACB-BD40-2333E443AF65}.Debug|x86.Build.0 = Debug|x86
		{66A02B35-05B5-4ACB-BD40-2333E443AF65}.Debug|x86.Deploy.0 = Debug|x86
		{66A02B35-05B5-4ACB-BD40-2333E443AF65}.Release|Any CPU.ActiveCfg = Release|x86
		{66A02B35-05B5-4ACB-BD40-2333E443AF65}.Release|Any CPU.Build.0 = Release|x86
		{66A02B35-05B5-4ACB-BD40-2333E443AF65}.Release|Any CPU.Deploy.0 = Release|x86
		{66A02B35-05B5-4ACB-BD40-2333E443AF65}.Release|ARM.ActiveCfg = Release|ARM
		{66A02B35-05B5-4ACB-BD40-2333E443AF65}.Release|ARM.Build.0 = Release|ARM
		{66A02B35-05B5-4ACB-BD40-2333E443AF65}.Release|ARM.Deploy.0 = Release|ARM
		{66A02B35-05B5-4ACB-BD40-2333E443AF65}.Release|iPhone.ActiveCfg = Release|x86
		{66A02B35-05B5-4ACB-BD40-2333E443AF65}.Release|iPhone.Build.0 = Release|x86
		{66A02B35-05B5-4ACB-BD40-2333E443AF65}.Release|iPhone.Deploy.0 = Release|x86
		{66A02B35-05B5-4ACB-BD40-2333E443AF65}.Release|iPhoneSimulator.ActiveCfg = Release|x86
		{66A02B35-05B5-4ACB-BD40-2333E443AF65}.Release|iPhoneSimulator.Build.0 = Release|x86
		{66A02B35-05B5-4ACB-BD40-2333E443AF65}.Release|iPhoneSimulator.Deploy.0 = Release|x86
		{66A02B35-05B5-4ACB-BD40-2333E443AF65}.Release|x64.ActiveCfg = Release|x64
		{66A02B35-05B5-4ACB-BD40-2333E443AF65}.Release|x64.Build.0 = Release|x64
		{66A02B35-05B5-4ACB-BD40-2333E443AF65}.Release|x64.Deploy.0 = Release|x64
		{66A02B35-05B5-4ACB-BD40-2333E443AF65}.Release|x86.ActiveCfg = Release|x86
		{66A02B35-05B5-4ACB-BD40-2333E443AF65}.Release|x86.Build.0 = Release|x86
		{66A02B35-05B5-4ACB-BD40-2333E443AF65}.Release|x86.Deploy.0 = Release|x86
		{1EC5438F-07D3-4F1F-A5E5-358810E70695}.Ad-Hoc|Any CPU.ActiveCfg = Debug|Any CPU
		{1EC5438F-07D3-4F1F-A5E5-358810E70695}.Ad-Hoc|Any CPU.Build.0 = Debug|Any CPU
		{1EC5438F-07D3-4F1F-A5E5-358810E70695}.Ad-Hoc|ARM.ActiveCfg = Debug|Any CPU
		{1EC5438F-07D3-4F1F-A5E5-358810E70695}.Ad-Hoc|ARM.Build.0 = Debug|Any CPU
		{1EC5438F-07D3-4F1F-A5E5-358810E70695}.Ad-Hoc|iPhone.ActiveCfg = Debug|Any CPU
		{1EC5438F-07D3-4F1F-A5E5-358810E70695}.Ad-Hoc|iPhone.Build.0 = Debug|Any CPU
		{1EC5438F-07D3-4F1F-A5E5-358810E70695}.Ad-Hoc|iPhoneSimulator.ActiveCfg = Debug|Any CPU
		{1EC5438F-07D3-4F1F-A5E5-358810E70695}.Ad-Hoc|iPhoneSimulator.Build.0 = Debug|Any CPU
		{1EC5438F-07D3-4F1F-A5E5-358810E70695}.Ad-Hoc|x64.ActiveCfg = Debug|Any CPU
		{1EC5438F-07D3-4F1F-A5E5-358810E70695}.Ad-Hoc|x64.Build.0 = Debug|Any CPU
		{1EC5438F-07D3-4F1F-A5E5-358810E70695}.Ad-Hoc|x86.ActiveCfg = Debug|Any CPU
		{1EC5438F-07D3-4F1F-A5E5-358810E70695}.Ad-Hoc|x86.Build.0 = Debug|Any CPU
		{1EC5438F-07D3-4F1F-A5E5-358810E70695}.AppStore|Any CPU.ActiveCfg = Debug|Any CPU
		{1EC5438F-07D3-4F1F-A5E5-358810E70695}.AppStore|Any CPU.Build.0 = Debug|Any CPU
		{1EC5438F-07D3-4F1F-A5E5-358810E70695}.AppStore|ARM.ActiveCfg = Debug|Any CPU
		{1EC5438F-07D3-4F1F-A5E5-358810E70695}.AppStore|ARM.Build.0 = Debug|Any CPU
		{1EC5438F-07D3-4F1F-A5E5-358810E70695}.AppStore|iPhone.ActiveCfg = Debug|Any CPU
		{1EC5438F-07D3-4F1F-A5E5-358810E70695}.AppStore|iPhone.Build.0 = Debug|Any CPU
		{1EC5438F-07D3-4F1F-A5E5-358810E70695}.AppStore|iPhoneSimulator.ActiveCfg = Debug|Any CPU
		{1EC5438F-07D3-4F1F-A5E5-358810E70695}.AppStore|iPhoneSimulator.Build.0 = Debug|Any CPU
		{1EC5438F-07D3-4F1F-A5E5-358810E70695}.AppStore|x64.ActiveCfg = Debug|Any CPU
		{1EC5438F-07D3-4F1F-A5E5-358810E70695}.AppStore|x64.Build.0 = Debug|Any CPU
		{1EC5438F-07D3-4F1F-A5E5-358810E70695}.AppStore|x86.ActiveCfg = Debug|Any CPU
		{1EC5438F-07D3-4F1F-A5E5-358810E70695}.AppStore|x86.Build.0 = Debug|Any CPU
		{1EC5438F-07D3-4F1F-A5E5-358810E70695}.Debug|Any CPU.ActiveCfg = Debug|Any CPU
		{1EC5438F-07D3-4F1F-A5E5-358810E70695}.Debug|Any CPU.Build.0 = Debug|Any CPU
		{1EC5438F-07D3-4F1F-A5E5-358810E70695}.Debug|ARM.ActiveCfg = Debug|Any CPU
		{1EC5438F-07D3-4F1F-A5E5-358810E70695}.Debug|ARM.Build.0 = Debug|Any CPU
		{1EC5438F-07D3-4F1F-A5E5-358810E70695}.Debug|iPhone.ActiveCfg = Debug|Any CPU
		{1EC5438F-07D3-4F1F-A5E5-358810E70695}.Debug|iPhone.Build.0 = Debug|Any CPU
		{1EC5438F-07D3-4F1F-A5E5-358810E70695}.Debug|iPhoneSimulator.ActiveCfg = Debug|Any CPU
		{1EC5438F-07D3-4F1F-A5E5-358810E70695}.Debug|iPhoneSimulator.Build.0 = Debug|Any CPU
		{1EC5438F-07D3-4F1F-A5E5-358810E70695}.Debug|x64.ActiveCfg = Debug|Any CPU
		{1EC5438F-07D3-4F1F-A5E5-358810E70695}.Debug|x64.Build.0 = Debug|Any CPU
		{1EC5438F-07D3-4F1F-A5E5-358810E70695}.Debug|x86.ActiveCfg = Debug|Any CPU
		{1EC5438F-07D3-4F1F-A5E5-358810E70695}.Debug|x86.Build.0 = Debug|Any CPU
		{1EC5438F-07D3-4F1F-A5E5-358810E70695}.Release|Any CPU.ActiveCfg = Release|Any CPU
		{1EC5438F-07D3-4F1F-A5E5-358810E70695}.Release|Any CPU.Build.0 = Release|Any CPU
		{1EC5438F-07D3-4F1F-A5E5-358810E70695}.Release|ARM.ActiveCfg = Release|Any CPU
		{1EC5438F-07D3-4F1F-A5E5-358810E70695}.Release|ARM.Build.0 = Release|Any CPU
		{1EC5438F-07D3-4F1F-A5E5-358810E70695}.Release|iPhone.ActiveCfg = Release|Any CPU
		{1EC5438F-07D3-4F1F-A5E5-358810E70695}.Release|iPhone.Build.0 = Release|Any CPU
		{1EC5438F-07D3-4F1F-A5E5-358810E70695}.Release|iPhoneSimulator.ActiveCfg = Release|Any CPU
		{1EC5438F-07D3-4F1F-A5E5-358810E70695}.Release|iPhoneSimulator.Build.0 = Release|Any CPU
		{1EC5438F-07D3-4F1F-A5E5-358810E70695}.Release|x64.ActiveCfg = Release|Any CPU
		{1EC5438F-07D3-4F1F-A5E5-358810E70695}.Release|x64.Build.0 = Release|Any CPU
		{1EC5438F-07D3-4F1F-A5E5-358810E70695}.Release|x86.ActiveCfg = Release|Any CPU
		{1EC5438F-07D3-4F1F-A5E5-358810E70695}.Release|x86.Build.0 = Release|Any CPU
	EndGlobalSection
	GlobalSection(SolutionProperties) = preSolution
		HideSolutionNode = FALSE
	EndGlobalSection
	GlobalSection(ExtensibilityGlobals) = postSolution
		SolutionGuid = {4D885B29-C625-4F6F-85DE-BF628B34EDCC}
	EndGlobalSection
EndGlobal
